
Microsoft Visual Studio Solution File, Format Version 12.00
# Visual Studio Version 17
VisualStudioVersion = 17.2.32519.379
MinimumVisualStudioVersion = 10.0.40219.1
Project("{FAE04EC0-301F-11D3-BF4B-00C04F79EFBC}") = "decorator", "decorator\decorator.csproj", "{CD0D65A3-EBFF-49FD-96CD-5BF42D9130C2}"
EndProject
Global
	GlobalSection(SolutionConfigurationPlatforms) = preSolution
		Debug|Any CPU = Debug|Any CPU
		Release|Any CPU = Release|Any CPU
	EndGlobalSection
	GlobalSection(ProjectConfigurationPlatforms) = postSolution
		{CD0D65A3-EBFF-49FD-96CD-5BF42D9130C2}.Debug|Any CPU.ActiveCfg = Debug|Any CPU
		{CD0D65A3-EBFF-49FD-96CD-5BF42D9130C2}.Debug|Any CPU.Build.0 = Debug|Any CPU
		{CD0D65A3-EBFF-49FD-96CD-5BF42D9130C2}.Release|Any CPU.ActiveCfg = Release|Any CPU
		{CD0D65A3-EBFF-49FD-96CD-5BF42D9130C2}.Release|Any CPU.Build.0 = Release|Any CPU
	EndGlobalSection
	GlobalSection(SolutionProperties) = preSolution
		HideSolutionNode = FALSE
	EndGlobalSection
	GlobalSection(ExtensibilityGlobals) = postSolution
		SolutionGuid = {696ED4A2-D18F-4C18-B76D-B20BF2FBDAF4}
	EndGlobalSection
EndGlobal
